
Microsoft Visual Studio Solution File, Format Version 12.00
# Visual Studio Version 17
VisualStudioVersion = 17.14.36717.8 d17.14
MinimumVisualStudioVersion = 10.0.40219.1
Project("{8BC9CEB8-8B4A-11D0-8D11-00A0C91BC942}") = "FinalProjectGame", "FinalProjectGame\FinalProjectGame.vcxproj", "{CF16DA05-9C11-4D7F-8926-46F0BA287446}"
EndProject
Global
	GlobalSection(SolutionConfigurationPlatforms) = preSolution
		Debug|x64 = Debug|x64
		Debug|x86 = Debug|x86
		Release|x64 = Release|x64
		Release|x86 = Release|x86
	EndGlobalSection
	GlobalSection(ProjectConfigurationPlatforms) = postSolution
		{CF16DA05-9C11-4D7F-8926-46F0BA287446}.Debug|x64.ActiveCfg = Debug|x64
		{CF16DA05-9C11-4D7F-8926-46F0BA287446}.Debug|x64.Build.0 = Debug|x64
		{CF16DA05-9C11-4D7F-8926-46F0BA287446}.Debug|x86.ActiveCfg = Debug|Win32
		{CF16DA05-9C11-4D7F-8926-46F0BA287446}.Debug|x86.Build.0 = Debug|Win32
		{CF16DA05-9C11-4D7F-8926-46F0BA287446}.Release|x64.ActiveCfg = Release|x64
		{CF16DA05-9C11-4D7F-8926-46F0BA287446}.Release|x64.Build.0 = Release|x64
		{CF16DA05-9C11-4D7F-8926-46F0BA287446}.Release|x86.ActiveCfg = Release|Win32
		{CF16DA05-9C11-4D7F-8926-46F0BA287446}.Release|x86.Build.0 = Release|Win32
	EndGlobalSection
	GlobalSection(SolutionProperties) = preSolution
		HideSolutionNode = FALSE
	EndGlobalSection
	GlobalSection(ExtensibilityGlobals) = postSolution
		SolutionGuid = {89B42A7D-6992-4221-AABA-6CD8323B0B25}
	EndGlobalSection
EndGlobal
